
Microsoft Visual Studio Solution File, Format Version 12.00
# Visual Studio Version 17
VisualStudioVersion = 17.14.36221.1 d17.14
MinimumVisualStudioVersion = 10.0.40219.1
Project("{FAE04EC0-301F-11D3-BF4B-00C04F79EFBC}") = "databaze", "databaze.csproj", "{C73D3609-4CA3-4848-A24E-656D60BA8A02}"
EndProject
Global
	GlobalSection(SolutionConfigurationPlatforms) = preSolution
		Debug|Any CPU = Debug|Any CPU
		Release|Any CPU = Release|Any CPU
	EndGlobalSection
	GlobalSection(ProjectConfigurationPlatforms) = postSolution
		{C73D3609-4CA3-4848-A24E-656D60BA8A02}.Debug|Any CPU.ActiveCfg = Debug|Any CPU
		{C73D3609-4CA3-4848-A24E-656D60BA8A02}.Debug|Any CPU.Build.0 = Debug|Any CPU
		{C73D3609-4CA3-4848-A24E-656D60BA8A02}.Release|Any CPU.ActiveCfg = Release|Any CPU
		{C73D3609-4CA3-4848-A24E-656D60BA8A02}.Release|Any CPU.Build.0 = Release|Any CPU
	EndGlobalSection
	GlobalSection(SolutionProperties) = preSolution
		HideSolutionNode = FALSE
	EndGlobalSection
	GlobalSection(ExtensibilityGlobals) = postSolution
		SolutionGuid = {14C7CF2B-D8CA-4D6E-BA0D-E1FBFD33777C}
	EndGlobalSection
EndGlobal
